<Solution>
  <Folder Name="/bench/">
    <Project Path="bench/Typographer.Bench/Typographer.Bench.csproj" />
  </Folder>
  <Folder Name="/fuzz/">
    <Project Path="fuzz/Typographer.Fuzz/Typographer.Fuzz.csproj" />
  </Folder>
  <Folder Name="/src/">
    <Project Path="src/Typographer/Typographer.csproj" />
  </Folder>
  <Folder Name="/tests/">
    <Project Path="tests/Typographer.Tests/Typographer.Tests.csproj" />
    <Project Path="tests/Typographer.Oracle/Typographer.Oracle.csproj" />
  </Folder>
</Solution>
