<Solution>
  <Folder Name="/bench/">
    <Project Path="bench/Typographer.Bench/Typographer.Bench.csproj" />
  </Folder>
  <Folder Name="/src/">
    <Project Path="src/Typographer/Typographer.csproj" />
  </Folder>
  <Folder Name="/tests/">
    <Project Path="tests/Typographer.Tests/Typographer.Tests.csproj" />
  </Folder>
</Solution>
